
Microsoft Visual Studio Solution File, Format Version 12.00
# Visual Studio Version 16
VisualStudioVersion = 16.0.28803.156
MinimumVisualStudioVersion = 10.0.40219.1
Project("{FAE04EC0-301F-11D3-BF4B-00C04F79EFBC}") = "EBookStore", "EBookStore\EBookStore.csproj", "{A1399068-CF4E-4472-89AE-2D6402AB0FCA}"
EndProject
Global
	GlobalSection(SolutionConfigurationPlatforms) = preSolution
		Debug|Any CPU = Debug|Any CPU
		Release|Any CPU = Release|Any CPU
	EndGlobalSection
	GlobalSection(ProjectConfigurationPlatforms) = postSolution
		{A1399068-CF4E-4472-89AE-2D6402AB0FCA}.Debug|Any CPU.ActiveCfg = Debug|Any CPU
		{A1399068-CF4E-4472-89AE-2D6402AB0FCA}.Debug|Any CPU.Build.0 = Debug|Any CPU
		{A1399068-CF4E-4472-89AE-2D6402AB0FCA}.Release|Any CPU.ActiveCfg = Release|Any CPU
		{A1399068-CF4E-4472-89AE-2D6402AB0FCA}.Release|Any CPU.Build.0 = Release|Any CPU
	EndGlobalSection
	GlobalSection(SolutionProperties) = preSolution
		HideSolutionNode = FALSE
	EndGlobalSection
	GlobalSection(ExtensibilityGlobals) = postSolution
		SolutionGuid = {79F589DF-ED07-4A65-8DCD-303724F9F4D0}
	EndGlobalSection
EndGlobal
